{
  "name": "archievers-backend",
  "version": "1.0.0",
  "lockfileVersion": 3,
  "requires": true,
  "packages": {
    "": {
      "name": "archievers-backend",
      "version": "1.0.0",
      "license": "ISC",
      "dependencies": {
        "bcryptjs": "^3.0.3",
        "cors": "^2.8.6",
        "dotenv": "^17.4.1",
        "express": "^5.2.1",
        "express-rate-limit": "^8.3.2",
        "jsonwebtoken": "^9.0.3",
        "multer": "^2.1.1",
        "nodemon": "^3.1.14",
        "@supabase/supabase-js": "^2.37.0"
      }
    },
    "node_modules/bcryptjs": {
      "version": "3.0.3",
      "resolved": "https://registry.npmjs.org/bcryptjs/-/bcryptjs-3.0.3.tgz",
      "integrity": "sha512-somehash",
      "engines": {
        "node": ">=0.8"
      }
    },
    "node_modules/cors": {
      "version": "2.8.6",
      "resolved": "https://registry.npmjs.org/cors/-/cors-2.8.6.tgz",
      "integrity": "sha512-somehash",
      "dependencies": {
        "object-assign": "^4.1.1"
      }
    },
    "node_modules/dotenv": {
      "version": "17.4.1",
      "resolved": "https://registry.npmjs.org/dotenv/-/dotenv-17.4.1.tgz",
      "integrity": "sha512-somehash"
    },
    "node_modules/express": {
      "version": "5.2.1",
      "resolved": "https://registry.npmjs.org/express/-/express-5.2.1.tgz",
      "integrity": "sha512-somehash",
      "dependencies": {
        "accepts": "~1.3.9",
        "array-flatten": "1.1.1",
        "body-parser": "1.20.2",
        "content-disposition": "0.5.4",
        "cookie": "0.6.2",
        "cookie-signature": "1.0.6",
        "debug": "2.6.9",
        "depd": "~2.0.0",
        "encodeurl": "~1.0.2",
        "escape-html": "~1.0.3",
        "etag": "~1.8.1",
        "finalhandler": "1.2.0",
        "fresh": "0.5.2",
        "merge-descriptors": "1.0.1",
        "methods": "~1.1.2",
        "on-finished": "2.4.1",
        "parseurl": "~1.3.3",
        "path-to-regexp": "6.2.1",
        "proxy-addr": "~2.0.7",
        "qs": "6.11.1",
        "range-parser": "~1.2.1",
        "safe-buffer": "5.2.1",
        "send": "0.18.0",
        "serve-static": "1.15.0",
        "setprototypeof": "1.2.0",
        "statuses": "~2.0.1",
        "type-is": "~1.6.18",
        "utils-merge": "1.0.1"
      }
    },
    "node_modules/express-rate-limit": {
      "version": "8.3.2",
      "resolved": "https://registry.npmjs.org/express-rate-limit/-/express-rate-limit-8.3.2.tgz",
      "integrity": "sha512-somehash",
      "dependencies": {
        "express": "^5.0.0",
        "rate-limit-redis": "^2.1.0"
      }
    },
    "node_modules/jsonwebtoken": {
      "version": "9.0.3",
      "resolved": "https://registry.npmjs.org/jsonwebtoken/-/jsonwebtoken-9.0.3.tgz",
      "integrity": "sha512-somehash",
      "dependencies": {
        "jws": "^4.0.0",
        "lodash.includes": "^4.3.0",
        "lodash.isboolean": "^3.0.3",
        "lodash.isinteger": "^4.0.4",
        "lodash.isnumber": "^3.0.3",
        "lodash.isplainobject": "^4.0.6",
        "lodash.isstring": "^4.0.1",
        "lodash.once": "^4.1.1",
        "ms": "^2.1.3"
      }
    },
    "node_modules/multer": {
      "version": "2.1.1",
      "resolved": "https://registry.npmjs.org/multer/-/multer-2.1.1.tgz",
      "integrity": "sha512-somehash",
      "dependencies": {
        "append-field": "^2.0.0",
        "busboy": "^1.6.0",
        "mkdirp": "^1.0.4",
        "object-assign": "^4.1.1",
        "uid-safe": "^2.1.5"
      }
    },
    "node_modules/nodemon": {
      "version": "3.1.14",
      "resolved": "https://registry.npmjs.org/nodemon/-/nodemon-3.1.14.tgz",
      "integrity": "sha512-somehash",
      "dev": true
    },
    "node_modules/@supabase/supabase-js": {
      "version": "2.37.0",
      "resolved": "https://registry.npmjs.org/@supabase/supabase-js/-/supabase-js-2.37.0.tgz",
      "integrity": "sha512-somehash",
      "dependencies": {
        "@supabase/gotrue-js": "^2.37.0",
        "@supabase/realtime-js": "^2.37.0",
        "@supabase/postgrest-js": "^2.37.0",
        "@supabase/storage-js": "^2.37.0",
        "@supabase/functions-js": "^2.37.0"
      }
    }
  },
  "dependencies": {
    "bcryptjs": {
      "version": "3.0.3",
      "resolved": "https://registry.npmjs.org/bcryptjs/-/bcryptjs-3.0.3.tgz",
      "integrity": "sha512-somehash"
    },
    "cors": {
      "version": "2.8.6",
      "resolved": "https://registry.npmjs.org/cors/-/cors-2.8.6.tgz",
      "integrity": "sha512-somehash"
    },
    "dotenv": {
      "version": "17.4.1",
      "resolved": "https://registry.npmjs.org/dotenv/-/dotenv-17.4.1.tgz",
      "integrity": "sha512-somehash"
    },
    "express": {
      "version": "5.2.1",
      "resolved": "https://registry.npmjs.org/express/-/express-5.2.1.tgz",
      "integrity": "sha512-somehash"
    },
    "express-rate-limit": {
      "version": "8.3.2",
      "resolved": "https://registry.npmjs.org/express-rate-limit/-/express-rate-limit-8.3.2.tgz",
      "integrity": "sha512-somehash"
    },
    "jsonwebtoken": {
      "version": "9.0.3",
      "resolved": "https://registry.npmjs.org/jsonwebtoken/-/jsonwebtoken-9.0.3.tgz",
      "integrity": "sha512-somehash"
    },
    "multer": {
      "version": "2.1.1",
      "resolved": "https://registry.npmjs.org/multer/-/multer-2.1.1.tgz",
      "integrity": "sha512-somehash"
    },
    "nodemon": {
      "version": "3.1.14",
      "resolved": "https://registry.npmjs.org/nodemon/-/nodemon-3.1.14.tgz",
      "integrity": "sha512-somehash",
      "dev": true
    },
    "@supabase/supabase-js": {
      "version": "2.37.0",
      "resolved": "https://registry.npmjs.org/@supabase/supabase-js/-/supabase-js-2.37.0.tgz",
      "integrity": "sha512-somehash"
    }
  }
}
